
Microsoft Visual Studio Solution File, Format Version 12.00
# Visual Studio Version 16
VisualStudioVersion = 16.0.29613.14
MinimumVisualStudioVersion = 10.0.40219.1
Project("{FAE04EC0-301F-11D3-BF4B-00C04F79EFBC}") = "AspTestVpsApp", "AspTestVpsApp\AspTestVpsApp.csproj", "{59CE4A0E-D3C9-4153-BB6A-240D567CF7DC}"
EndProject
Global
	GlobalSection(SolutionConfigurationPlatforms) = preSolution
		Debug|Any CPU = Debug|Any CPU
		Release|Any CPU = Release|Any CPU
	EndGlobalSection
	GlobalSection(ProjectConfigurationPlatforms) = postSolution
		{59CE4A0E-D3C9-4153-BB6A-240D567CF7DC}.Debug|Any CPU.ActiveCfg = Debug|Any CPU
		{59CE4A0E-D3C9-4153-BB6A-240D567CF7DC}.Debug|Any CPU.Build.0 = Debug|Any CPU
		{59CE4A0E-D3C9-4153-BB6A-240D567CF7DC}.Release|Any CPU.ActiveCfg = Release|Any CPU
		{59CE4A0E-D3C9-4153-BB6A-240D567CF7DC}.Release|Any CPU.Build.0 = Release|Any CPU
	EndGlobalSection
	GlobalSection(SolutionProperties) = preSolution
		HideSolutionNode = FALSE
	EndGlobalSection
	GlobalSection(ExtensibilityGlobals) = postSolution
		SolutionGuid = {A5BBDF95-21A6-47E7-80B9-AF506D08DB6D}
	EndGlobalSection
EndGlobal
